// !$*UTF8*$!
{
	archiveVersion = 1;
	classes = {
	};
	objectVersion = 55;
	objects = {

/* Begin PBXBuildFile section */
		76085E6127FC23B000960915 /* LaunchAtLogin in Frameworks */ = {isa = PBXBuildFile; productRef = 76085E6027FC23B000960915 /* LaunchAtLogin */; };
		76085E6427FC23EA00960915 /* Sparkle in Frameworks */ = {isa = PBXBuildFile; productRef = 76085E6327FC23EA00960915 /* Sparkle */; };
		7621675327F2FC080023F8B2 /* Localizable.strings in Resources */ = {isa = PBXBuildFile; fileRef = 7621675527F2FC080023F8B2 /* Localizable.strings */; };
		7686474127EF082400BCC350 /* Bundle.swift in Sources */ = {isa = PBXBuildFile; fileRef = 7686474027EF082400BCC350 /* Bundle.swift */; };
		76C290F027EAFFB000A30C9F /* AppDelegate.swift in Sources */ = {isa = PBXBuildFile; fileRef = 76C290EF27EAFFB000A30C9F /* AppDelegate.swift */; };
		76CCDDDE27EAD1C4009CFC64 /* PaimonMenuBarApp.swift in Sources */ = {isa = PBXBuildFile; fileRef = 76CCDDDD27EAD1C4009CFC64 /* PaimonMenuBarApp.swift */; };
		76CCDDE027EAD1C4009CFC64 /* SettingsView.swift in Sources */ = {isa = PBXBuildFile; fileRef = 76CCDDDF27EAD1C4009CFC64 /* SettingsView.swift */; };
		76CCDDE227EAD1C5009CFC64 /* Assets.xcassets in Resources */ = {isa = PBXBuildFile; fileRef = 76CCDDE127EAD1C5009CFC64 /* Assets.xcassets */; };
		76CCDDE527EAD1C5009CFC64 /* Preview Assets.xcassets in Resources */ = {isa = PBXBuildFile; fileRef = 76CCDDE427EAD1C5009CFC64 /* Preview Assets.xcassets */; };
		76D73BBF27EC650500CCDEA6 /* DataModels.swift in Sources */ = {isa = PBXBuildFile; fileRef = 76D73BBE27EC650500CCDEA6 /* DataModels.swift */; };
		76D73BC127EC67D300CCDEA6 /* Networking.swift in Sources */ = {isa = PBXBuildFile; fileRef = 76D73BC027EC67D300CCDEA6 /* Networking.swift */; };
		76E429A927EDDE000032313C /* GameRecordUpdater.swift in Sources */ = {isa = PBXBuildFile; fileRef = 76E429A827EDDE000032313C /* GameRecordUpdater.swift */; };
		76E986B627EDD5FC004ECC6C /* MenuExtrasView.swift in Sources */ = {isa = PBXBuildFile; fileRef = 76E986B527EDD5FC004ECC6C /* MenuExtrasView.swift */; };
		76F9AE6D27F570D90051CDC8 /* UpdaterViewModel.swift in Sources */ = {isa = PBXBuildFile; fileRef = 76F9AE6C27F570D90051CDC8 /* UpdaterViewModel.swift */; };
		9F38F96F281D1BE90004D240 /* Defaults.swift in Sources */ = {isa = PBXBuildFile; fileRef = 9F38F96E281D1BE90004D240 /* Defaults.swift */; };
		9F38F972281D4D000004D240 /* Defaults in Frameworks */ = {isa = PBXBuildFile; productRef = 9F38F971281D4D000004D240 /* Defaults */; };
		9F38F974281D4D120004D240 /* Defaults+Workaround.swift in Sources */ = {isa = PBXBuildFile; fileRef = 9F38F973281D4D120004D240 /* Defaults+Workaround.swift */; };
/* End PBXBuildFile section */

/* Begin PBXFileReference section */
		7621675427F2FC080023F8B2 /* en */ = {isa = PBXFileReference; lastKnownFileType = text.plist.strings; name = en; path = en.lproj/Localizable.strings; sourceTree = "<group>"; };
		7621675627F2FC0B0023F8B2 /* zh-Hans */ = {isa = PBXFileReference; lastKnownFileType = text.plist.strings; name = "zh-Hans"; path = "zh-Hans.lproj/Localizable.strings"; sourceTree = "<group>"; };
		7686474027EF082400BCC350 /* Bundle.swift */ = {isa = PBXFileReference; lastKnownFileType = sourcecode.swift; path = Bundle.swift; sourceTree = "<group>"; };
		76B3F03127F2B76100833555 /* README.md */ = {isa = PBXFileReference; fileEncoding = 4; lastKnownFileType = net.daringfireball.markdown; path = README.md; sourceTree = "<group>"; };
		76C290EF27EAFFB000A30C9F /* AppDelegate.swift */ = {isa = PBXFileReference; lastKnownFileType = sourcecode.swift; path = AppDelegate.swift; sourceTree = "<group>"; };
		76CCDDDD27EAD1C4009CFC64 /* PaimonMenuBarApp.swift */ = {isa = PBXFileReference; lastKnownFileType = sourcecode.swift; path = PaimonMenuBarApp.swift; sourceTree = "<group>"; };
		76CCDDDF27EAD1C4009CFC64 /* SettingsView.swift */ = {isa = PBXFileReference; lastKnownFileType = sourcecode.swift; path = SettingsView.swift; sourceTree = "<group>"; };
		76CCDDE127EAD1C5009CFC64 /* Assets.xcassets */ = {isa = PBXFileReference; lastKnownFileType = folder.assetcatalog; path = Assets.xcassets; sourceTree = "<group>"; };
		76CCDDE427EAD1C5009CFC64 /* Preview Assets.xcassets */ = {isa = PBXFileReference; lastKnownFileType = folder.assetcatalog; path = "Preview Assets.xcassets"; sourceTree = "<group>"; };
		76CCDDE627EAD1C5009CFC64 /* PaimonMenuBar.entitlements */ = {isa = PBXFileReference; lastKnownFileType = text.plist.entitlements; path = PaimonMenuBar.entitlements; sourceTree = "<group>"; };
		76D73BBE27EC650500CCDEA6 /* DataModels.swift */ = {isa = PBXFileReference; lastKnownFileType = sourcecode.swift; path = DataModels.swift; sourceTree = "<group>"; };
		76D73BC027EC67D300CCDEA6 /* Networking.swift */ = {isa = PBXFileReference; lastKnownFileType = sourcecode.swift; path = Networking.swift; sourceTree = "<group>"; };
		76E429A827EDDE000032313C /* GameRecordUpdater.swift */ = {isa = PBXFileReference; lastKnownFileType = sourcecode.swift; path = GameRecordUpdater.swift; sourceTree = "<group>"; };
		76E986B527EDD5FC004ECC6C /* MenuExtrasView.swift */ = {isa = PBXFileReference; lastKnownFileType = sourcecode.swift; path = MenuExtrasView.swift; sourceTree = "<group>"; };
		76F9AE6B27F570640051CDC8 /* PaimonMenuBar.app */ = {isa = PBXFileReference; explicitFileType = wrapper.application; includeInIndex = 0; path = PaimonMenuBar.app; sourceTree = BUILT_PRODUCTS_DIR; };
		76F9AE6C27F570D90051CDC8 /* UpdaterViewModel.swift */ = {isa = PBXFileReference; lastKnownFileType = sourcecode.swift; path = UpdaterViewModel.swift; sourceTree = "<group>"; };
		9F38F96E281D1BE90004D240 /* Defaults.swift */ = {isa = PBXFileReference; lastKnownFileType = sourcecode.swift; path = Defaults.swift; sourceTree = "<group>"; };
		9F38F973281D4D120004D240 /* Defaults+Workaround.swift */ = {isa = PBXFileReference; lastKnownFileType = sourcecode.swift; path = "Defaults+Workaround.swift"; sourceTree = "<group>"; };
/* End PBXFileReference section */

/* Begin PBXFrameworksBuildPhase section */
		76CCDDD727EAD1C4009CFC64 /* Frameworks */ = {
			isa = PBXFrameworksBuildPhase;
			buildActionMask = 2147483647;
			files = (
				9F38F972281D4D000004D240 /* Defaults in Frameworks */,
				76085E6127FC23B000960915 /* LaunchAtLogin in Frameworks */,
				76085E6427FC23EA00960915 /* Sparkle in Frameworks */,
			);
			runOnlyForDeploymentPostprocessing = 0;
		};
/* End PBXFrameworksBuildPhase section */

/* Begin PBXGroup section */
		76CCDDD127EAD1C4009CFC64 = {
			isa = PBXGroup;
			children = (
				76B3F03127F2B76100833555 /* README.md */,
				76CCDDDC27EAD1C4009CFC64 /* PaimonMenuBar */,
				76F9AE6B27F570640051CDC8 /* PaimonMenuBar.app */,
			);
			sourceTree = "<group>";
		};
		76CCDDDC27EAD1C4009CFC64 /* PaimonMenuBar */ = {
			isa = PBXGroup;
			children = (
				7621675527F2FC080023F8B2 /* Localizable.strings */,
				76CCDDDD27EAD1C4009CFC64 /* PaimonMenuBarApp.swift */,
				76E986B527EDD5FC004ECC6C /* MenuExtrasView.swift */,
				76E429A827EDDE000032313C /* GameRecordUpdater.swift */,
				76CCDDDF27EAD1C4009CFC64 /* SettingsView.swift */,
				76F9AE6C27F570D90051CDC8 /* UpdaterViewModel.swift */,
				9F38F96E281D1BE90004D240 /* Defaults.swift */,
				7686474027EF082400BCC350 /* Bundle.swift */,
				76CCDDE127EAD1C5009CFC64 /* Assets.xcassets */,
				76CCDDE627EAD1C5009CFC64 /* PaimonMenuBar.entitlements */,
				76CCDDE327EAD1C5009CFC64 /* Preview Content */,
				76C290EF27EAFFB000A30C9F /* AppDelegate.swift */,
				76D73BBE27EC650500CCDEA6 /* DataModels.swift */,
				76D73BC027EC67D300CCDEA6 /* Networking.swift */,
				9F38F973281D4D120004D240 /* Defaults+Workaround.swift */,
			);
			path = PaimonMenuBar;
			sourceTree = "<group>";
		};
		76CCDDE327EAD1C5009CFC64 /* Preview Content */ = {
			isa = PBXGroup;
			children = (
				76CCDDE427EAD1C5009CFC64 /* Preview Assets.xcassets */,
			);
			path = "Preview Content";
			sourceTree = "<group>";
		};
/* End PBXGroup section */

/* Begin PBXNativeTarget section */
		76CCDDD927EAD1C4009CFC64 /* PaimonMenuBar */ = {
			isa = PBXNativeTarget;
			buildConfigurationList = 76CCDDE927EAD1C5009CFC64 /* Build configuration list for PBXNativeTarget "PaimonMenuBar" */;
			buildPhases = (
				76CCDDD627EAD1C4009CFC64 /* Sources */,
				76CCDDD727EAD1C4009CFC64 /* Frameworks */,
				76CCDDD827EAD1C4009CFC64 /* Resources */,
				7686473F27EEED4500BCC350 /* ShellScript */,
			);
			buildRules = (
			);
			dependencies = (
			);
			name = PaimonMenuBar;
			packageProductDependencies = (
				76085E6027FC23B000960915 /* LaunchAtLogin */,
				76085E6327FC23EA00960915 /* Sparkle */,
				9F38F971281D4D000004D240 /* Defaults */,
			);
			productName = PaimonMenuBar;
			productReference = 76F9AE6B27F570640051CDC8 /* PaimonMenuBar.app */;
			productType = "com.apple.product-type.application";
		};
/* End PBXNativeTarget section */

/* Begin PBXProject section */
		76CCDDD227EAD1C4009CFC64 /* Project object */ = {
			isa = PBXProject;
			attributes = {
				BuildIndependentTargetsInParallel = 1;
				LastSwiftUpdateCheck = 1330;
				LastUpgradeCheck = 1330;
				TargetAttributes = {
					76CCDDD927EAD1C4009CFC64 = {
						CreatedOnToolsVersion = 13.3;
					};
				};
			};
			buildConfigurationList = 76CCDDD527EAD1C4009CFC64 /* Build configuration list for PBXProject "PaimonMenuBar" */;
			compatibilityVersion = "Xcode 13.0";
			developmentRegion = en;
			hasScannedForEncodings = 0;
			knownRegions = (
				en,
				Base,
				"zh-Hans",
			);
			mainGroup = 76CCDDD127EAD1C4009CFC64;
			packageReferences = (
				76085E5F27FC23B000960915 /* XCRemoteSwiftPackageReference "LaunchAtLogin" */,
				76085E6227FC23EA00960915 /* XCRemoteSwiftPackageReference "Sparkle" */,
				9F38F970281D4D000004D240 /* XCRemoteSwiftPackageReference "Defaults" */,
			);
			productRefGroup = 76CCDDD127EAD1C4009CFC64;
			projectDirPath = "";
			projectRoot = "";
			targets = (
				76CCDDD927EAD1C4009CFC64 /* PaimonMenuBar */,
			);
		};
/* End PBXProject section */

/* Begin PBXResourcesBuildPhase section */
		76CCDDD827EAD1C4009CFC64 /* Resources */ = {
			isa = PBXResourcesBuildPhase;
			buildActionMask = 2147483647;
			files = (
				76CCDDE527EAD1C5009CFC64 /* Preview Assets.xcassets in Resources */,
				7621675327F2FC080023F8B2 /* Localizable.strings in Resources */,
				76CCDDE227EAD1C5009CFC64 /* Assets.xcassets in Resources */,
			);
			runOnlyForDeploymentPostprocessing = 0;
		};
/* End PBXResourcesBuildPhase section */

/* Begin PBXShellScriptBuildPhase section */
		7686473F27EEED4500BCC350 /* ShellScript */ = {
			isa = PBXShellScriptBuildPhase;
			buildActionMask = 2147483647;
			files = (
			);
			inputFileListPaths = (
			);
			inputPaths = (
			);
			outputFileListPaths = (
			);
			outputPaths = (
			);
			runOnlyForDeploymentPostprocessing = 0;
			shellPath = /bin/sh;
			shellScript = "\"${BUILT_PRODUCTS_DIR}/LaunchAtLogin_LaunchAtLogin.bundle/Contents/Resources/copy-helper-swiftpm.sh\"\n";
		};
/* End PBXShellScriptBuildPhase section */

/* Begin PBXSourcesBuildPhase section */
		76CCDDD627EAD1C4009CFC64 /* Sources */ = {
			isa = PBXSourcesBuildPhase;
			buildActionMask = 2147483647;
			files = (
				76E986B627EDD5FC004ECC6C /* MenuExtrasView.swift in Sources */,
				7686474127EF082400BCC350 /* Bundle.swift in Sources */,
				76E429A927EDDE000032313C /* GameRecordUpdater.swift in Sources */,
				9F38F974281D4D120004D240 /* Defaults+Workaround.swift in Sources */,
				76D73BBF27EC650500CCDEA6 /* DataModels.swift in Sources */,
				76C290F027EAFFB000A30C9F /* AppDelegate.swift in Sources */,
				76D73BC127EC67D300CCDEA6 /* Networking.swift in Sources */,
				76F9AE6D27F570D90051CDC8 /* UpdaterViewModel.swift in Sources */,
				9F38F96F281D1BE90004D240 /* Defaults.swift in Sources */,
				76CCDDE027EAD1C4009CFC64 /* SettingsView.swift in Sources */,
				76CCDDDE27EAD1C4009CFC64 /* PaimonMenuBarApp.swift in Sources */,
			);
			runOnlyForDeploymentPostprocessing = 0;
		};
/* End PBXSourcesBuildPhase section */

/* Begin PBXVariantGroup section */
		7621675527F2FC080023F8B2 /* Localizable.strings */ = {
			isa = PBXVariantGroup;
			children = (
				7621675427F2FC080023F8B2 /* en */,
				7621675627F2FC0B0023F8B2 /* zh-Hans */,
			);
			name = Localizable.strings;
			sourceTree = "<group>";
		};
/* End PBXVariantGroup section */

/* Begin XCBuildConfiguration section */
		76CCDDE727EAD1C5009CFC64 /* Debug */ = {
			isa = XCBuildConfiguration;
			buildSettings = {
				ALWAYS_SEARCH_USER_PATHS = NO;
				CLANG_ANALYZER_NONNULL = YES;
				CLANG_ANALYZER_NUMBER_OBJECT_CONVERSION = YES_AGGRESSIVE;
				CLANG_CXX_LANGUAGE_STANDARD = "gnu++17";
				CLANG_ENABLE_MODULES = YES;
				CLANG_ENABLE_OBJC_ARC = YES;
				CLANG_ENABLE_OBJC_WEAK = YES;
				CLANG_WARN_BLOCK_CAPTURE_AUTORELEASING = YES;
				CLANG_WARN_BOOL_CONVERSION = YES;
				CLANG_WARN_COMMA = YES;
				CLANG_WARN_CONSTANT_CONVERSION = YES;
				CLANG_WARN_DEPRECATED_OBJC_IMPLEMENTATIONS = YES;
				CLANG_WARN_DIRECT_OBJC_ISA_USAGE = YES_ERROR;
				CLANG_WARN_DOCUMENTATION_COMMENTS = YES;
				CLANG_WARN_EMPTY_BODY = YES;
				CLANG_WARN_ENUM_CONVERSION = YES;
				CLANG_WARN_INFINITE_RECURSION = YES;
				CLANG_WARN_INT_CONVERSION = YES;
				CLANG_WARN_NON_LITERAL_NULL_CONVERSION = YES;
				CLANG_WARN_OBJC_IMPLICIT_RETAIN_SELF = YES;
				CLANG_WARN_OBJC_LITERAL_CONVERSION = YES;
				CLANG_WARN_OBJC_ROOT_CLASS = YES_ERROR;
				CLANG_WARN_QUOTED_INCLUDE_IN_FRAMEWORK_HEADER = YES;
				CLANG_WARN_RANGE_LOOP_ANALYSIS = YES;
				CLANG_WARN_STRICT_PROTOTYPES = YES;
				CLANG_WARN_SUSPICIOUS_MOVE = YES;
				CLANG_WARN_UNGUARDED_AVAILABILITY = YES_AGGRESSIVE;
				CLANG_WARN_UNREACHABLE_CODE = YES;
				CLANG_WARN__DUPLICATE_METHOD_MATCH = YES;
				COPY_PHASE_STRIP = NO;
				DEBUG_INFORMATION_FORMAT = dwarf;
				ENABLE_STRICT_OBJC_MSGSEND = YES;
				ENABLE_TESTABILITY = YES;
				GCC_C_LANGUAGE_STANDARD = gnu11;
				GCC_DYNAMIC_NO_PIC = NO;
				GCC_NO_COMMON_BLOCKS = YES;
				GCC_OPTIMIZATION_LEVEL = 0;
				GCC_PREPROCESSOR_DEFINITIONS = (
					"DEBUG=1",
					"$(inherited)",
				);
				GCC_WARN_64_TO_32_BIT_CONVERSION = YES;
				GCC_WARN_ABOUT_RETURN_TYPE = YES_ERROR;
				GCC_WARN_UNDECLARED_SELECTOR = YES;
				GCC_WARN_UNINITIALIZED_AUTOS = YES_AGGRESSIVE;
				GCC_WARN_UNUSED_FUNCTION = YES;
				GCC_WARN_UNUSED_VARIABLE = YES;
				MACOSX_DEPLOYMENT_TARGET = 12.2;
				MTL_ENABLE_DEBUG_INFO = INCLUDE_SOURCE;
				MTL_FAST_MATH = YES;
				ONLY_ACTIVE_ARCH = YES;
				SDKROOT = macosx;
				SWIFT_ACTIVE_COMPILATION_CONDITIONS = DEBUG;
				SWIFT_OPTIMIZATION_LEVEL = "-Onone";
			};
			name = Debug;
		};
		76CCDDE827EAD1C5009CFC64 /* Release */ = {
			isa = XCBuildConfiguration;
			buildSettings = {
				ALWAYS_SEARCH_USER_PATHS = NO;
				CLANG_ANALYZER_NONNULL = YES;
				CLANG_ANALYZER_NUMBER_OBJECT_CONVERSION = YES_AGGRESSIVE;
				CLANG_CXX_LANGUAGE_STANDARD = "gnu++17";
				CLANG_ENABLE_MODULES = YES;
				CLANG_ENABLE_OBJC_ARC = YES;
				CLANG_ENABLE_OBJC_WEAK = YES;
				CLANG_WARN_BLOCK_CAPTURE_AUTORELEASING = YES;
				CLANG_WARN_BOOL_CONVERSION = YES;
				CLANG_WARN_COMMA = YES;
				CLANG_WARN_CONSTANT_CONVERSION = YES;
				CLANG_WARN_DEPRECATED_OBJC_IMPLEMENTATIONS = YES;
				CLANG_WARN_DIRECT_OBJC_ISA_USAGE = YES_ERROR;
				CLANG_WARN_DOCUMENTATION_COMMENTS = YES;
				CLANG_WARN_EMPTY_BODY = YES;
				CLANG_WARN_ENUM_CONVERSION = YES;
				CLANG_WARN_INFINITE_RECURSION = YES;
				CLANG_WARN_INT_CONVERSION = YES;
				CLANG_WARN_NON_LITERAL_NULL_CONVERSION = YES;
				CLANG_WARN_OBJC_IMPLICIT_RETAIN_SELF = YES;
				CLANG_WARN_OBJC_LITERAL_CONVERSION = YES;
				CLANG_WARN_OBJC_ROOT_CLASS = YES_ERROR;
				CLANG_WARN_QUOTED_INCLUDE_IN_FRAMEWORK_HEADER = YES;
				CLANG_WARN_RANGE_LOOP_ANALYSIS = YES;
				CLANG_WARN_STRICT_PROTOTYPES = YES;
				CLANG_WARN_SUSPICIOUS_MOVE = YES;
				CLANG_WARN_UNGUARDED_AVAILABILITY = YES_AGGRESSIVE;
				CLANG_WARN_UNREACHABLE_CODE = YES;
				CLANG_WARN__DUPLICATE_METHOD_MATCH = YES;
				COPY_PHASE_STRIP = NO;
				DEBUG_INFORMATION_FORMAT = "dwarf-with-dsym";
				ENABLE_NS_ASSERTIONS = NO;
				ENABLE_STRICT_OBJC_MSGSEND = YES;
				GCC_C_LANGUAGE_STANDARD = gnu11;
				GCC_NO_COMMON_BLOCKS = YES;
				GCC_WARN_64_TO_32_BIT_CONVERSION = YES;
				GCC_WARN_ABOUT_RETURN_TYPE = YES_ERROR;
				GCC_WARN_UNDECLARED_SELECTOR = YES;
				GCC_WARN_UNINITIALIZED_AUTOS = YES_AGGRESSIVE;
				GCC_WARN_UNUSED_FUNCTION = YES;
				GCC_WARN_UNUSED_VARIABLE = YES;
				MACOSX_DEPLOYMENT_TARGET = 12.2;
				MTL_ENABLE_DEBUG_INFO = NO;
				MTL_FAST_MATH = YES;
				SDKROOT = macosx;
				SWIFT_COMPILATION_MODE = wholemodule;
				SWIFT_OPTIMIZATION_LEVEL = "-O";
			};
			name = Release;
		};
		76CCDDEA27EAD1C5009CFC64 /* Debug */ = {
			isa = XCBuildConfiguration;
			buildSettings = {
				ASSETCATALOG_COMPILER_APPICON_NAME = AppIcon;
				ASSETCATALOG_COMPILER_GLOBAL_ACCENT_COLOR_NAME = AccentColor;
				ASSETCATALOG_COMPILER_INCLUDE_ALL_APPICON_ASSETS = YES;
				CODE_SIGN_ENTITLEMENTS = PaimonMenuBar/PaimonMenuBar.entitlements;
				CODE_SIGN_IDENTITY = "Apple Development";
				CODE_SIGN_STYLE = Automatic;
				COMBINE_HIDPI_IMAGES = YES;
				CURRENT_PROJECT_VERSION = 110;
				DEVELOPMENT_ASSET_PATHS = "\"PaimonMenuBar/Preview Content\"";
				DEVELOPMENT_TEAM = W2HGAU9MPP;
				ENABLE_HARDENED_RUNTIME = YES;
				ENABLE_PREVIEWS = YES;
				GENERATE_INFOPLIST_FILE = YES;
				INFOPLIST_FILE = PaimonMenuBar/Info.plist;
				INFOPLIST_KEY_LSApplicationCategoryType = "public.app-category.entertainment";
				INFOPLIST_KEY_NSHumanReadableCopyright = "";
				LD_RUNPATH_SEARCH_PATHS = (
					"$(inherited)",
					"@executable_path/../Frameworks",
				);
				MACOSX_DEPLOYMENT_TARGET = 12.0;
				MARKETING_VERSION = 1.6;
				PRODUCT_BUNDLE_IDENTIFIER = spencerwoo.PaimonMenuBar;
				PRODUCT_NAME = "$(TARGET_NAME)";
				SWIFT_EMIT_LOC_STRINGS = YES;
				SWIFT_VERSION = 5.0;
			};
			name = Debug;
		};
		76CCDDEB27EAD1C5009CFC64 /* Release */ = {
			isa = XCBuildConfiguration;
			buildSettings = {
				ASSETCATALOG_COMPILER_APPICON_NAME = AppIcon;
				ASSETCATALOG_COMPILER_GLOBAL_ACCENT_COLOR_NAME = AccentColor;
				ASSETCATALOG_COMPILER_INCLUDE_ALL_APPICON_ASSETS = YES;
				CODE_SIGN_ENTITLEMENTS = PaimonMenuBar/PaimonMenuBar.entitlements;
				CODE_SIGN_IDENTITY = "Apple Development";
				CODE_SIGN_STYLE = Automatic;
				COMBINE_HIDPI_IMAGES = YES;
				CURRENT_PROJECT_VERSION = 110;
				DEVELOPMENT_ASSET_PATHS = "\"PaimonMenuBar/Preview Content\"";
				DEVELOPMENT_TEAM = W2HGAU9MPP;
				ENABLE_HARDENED_RUNTIME = YES;
				ENABLE_PREVIEWS = YES;
				GENERATE_INFOPLIST_FILE = YES;
				INFOPLIST_FILE = PaimonMenuBar/Info.plist;
				INFOPLIST_KEY_LSApplicationCategoryType = "public.app-category.entertainment";
				INFOPLIST_KEY_NSHumanReadableCopyright = "";
				LD_RUNPATH_SEARCH_PATHS = (
					"$(inherited)",
					"@executable_path/../Frameworks",
				);
				MACOSX_DEPLOYMENT_TARGET = 12.0;
				MARKETING_VERSION = 1.6;
				PRODUCT_BUNDLE_IDENTIFIER = spencerwoo.PaimonMenuBar;
				PRODUCT_NAME = "$(TARGET_NAME)";
				SWIFT_EMIT_LOC_STRINGS = YES;
				SWIFT_VERSION = 5.0;
			};
			name = Release;
		};
/* End XCBuildConfiguration section */

/* Begin XCConfigurationList section */
		76CCDDD527EAD1C4009CFC64 /* Build configuration list for PBXProject "PaimonMenuBar" */ = {
			isa = XCConfigurationList;
			buildConfigurations = (
				76CCDDE727EAD1C5009CFC64 /* Debug */,
				76CCDDE827EAD1C5009CFC64 /* Release */,
			);
			defaultConfigurationIsVisible = 0;
			defaultConfigurationName = Release;
		};
		76CCDDE927EAD1C5009CFC64 /* Build configuration list for PBXNativeTarget "PaimonMenuBar" */ = {
			isa = XCConfigurationList;
			buildConfigurations = (
				76CCDDEA27EAD1C5009CFC64 /* Debug */,
				76CCDDEB27EAD1C5009CFC64 /* Release */,
			);
			defaultConfigurationIsVisible = 0;
			defaultConfigurationName = Release;
		};
/* End XCConfigurationList section */

/* Begin XCRemoteSwiftPackageReference section */
		76085E5F27FC23B000960915 /* XCRemoteSwiftPackageReference "LaunchAtLogin" */ = {
			isa = XCRemoteSwiftPackageReference;
			repositoryURL = "https://github.com/sindresorhus/LaunchAtLogin";
			requirement = {
				branch = main;
				kind = branch;
			};
		};
		76085E6227FC23EA00960915 /* XCRemoteSwiftPackageReference "Sparkle" */ = {
			isa = XCRemoteSwiftPackageReference;
			repositoryURL = "https://github.com/sparkle-project/Sparkle";
			requirement = {
				branch = 2.x;
				kind = branch;
			};
		};
		9F38F970281D4D000004D240 /* XCRemoteSwiftPackageReference "Defaults" */ = {
			isa = XCRemoteSwiftPackageReference;
			repositoryURL = "https://github.com/sindresorhus/Defaults";
			requirement = {
				branch = main;
				kind = branch;
			};
		};
/* End XCRemoteSwiftPackageReference section */

/* Begin XCSwiftPackageProductDependency section */
		76085E6027FC23B000960915 /* LaunchAtLogin */ = {
			isa = XCSwiftPackageProductDependency;
			package = 76085E5F27FC23B000960915 /* XCRemoteSwiftPackageReference "LaunchAtLogin" */;
			productName = LaunchAtLogin;
		};
		76085E6327FC23EA00960915 /* Sparkle */ = {
			isa = XCSwiftPackageProductDependency;
			package = 76085E6227FC23EA00960915 /* XCRemoteSwiftPackageReference "Sparkle" */;
			productName = Sparkle;
		};
		9F38F971281D4D000004D240 /* Defaults */ = {
			isa = XCSwiftPackageProductDependency;
			package = 9F38F970281D4D000004D240 /* XCRemoteSwiftPackageReference "Defaults" */;
			productName = Defaults;
		};
/* End XCSwiftPackageProductDependency section */
	};
	rootObject = 76CCDDD227EAD1C4009CFC64 /* Project object */;
}
